<?xml version="1.0" encoding="UTF-8"?>
<!DOCTYPE plist PUBLIC "-//Apple//DTD PLIST 1.0//EN" "http://www.apple.com/DTDs/PropertyList-1.0.dtd">
<plist version="1.0">
<dict>
	<key>archiveVersion</key>
	<string>1</string>
	<key>classes</key>
	<dict/>
	<key>objectVersion</key>
	<string>46</string>
	<key>objects</key>
	<dict>
		<key>53D9CD05172215E300EDFE11</key>
		<dict>
			<key>children</key>
			<array>
				<string>53ED9578172236C600208C44</string>
				<string>53ED9579172236C600208C44</string>
				<string>53D9CD17172215E300EDFE11</string>
				<string>53D9CD46172215E300EDFE11</string>
				<string>53D9CD10172215E300EDFE11</string>
				<string>53D9CD0F172215E300EDFE11</string>
				<string>E1C20E009D544284A246C5AC</string>
			</array>
			<key>isa</key>
			<string>PBXGroup</string>
			<key>sourceTree</key>
			<string>&lt;group&gt;</string>
		</dict>
		<key>53D9CD06172215E300EDFE11</key>
		<dict>
			<key>attributes</key>
			<dict>
				<key>CLASSPREFIX</key>
				<string>DD</string>
				<key>LastUpgradeCheck</key>
				<string>0460</string>
				<key>ORGANIZATIONNAME</key>
				<string>rafael almeida</string>
			</dict>
			<key>buildConfigurationList</key>
			<string>53D9CD09172215E300EDFE11</string>
			<key>compatibilityVersion</key>
			<string>Xcode 3.2</string>
			<key>developmentRegion</key>
			<string>English</string>
			<key>hasScannedForEncodings</key>
			<string>0</string>
			<key>isa</key>
			<string>PBXProject</string>
			<key>knownRegions</key>
			<array>
				<string>en</string>
			</array>
			<key>mainGroup</key>
			<string>53D9CD05172215E300EDFE11</string>
			<key>productRefGroup</key>
			<string>53D9CD0F172215E300EDFE11</string>
			<key>projectDirPath</key>
			<string></string>
			<key>projectReferences</key>
			<array/>
			<key>projectRoot</key>
			<string></string>
			<key>targets</key>
			<array>
				<string>53D9CD0D172215E300EDFE11</string>
				<string>53D9CD3E172215E300EDFE11</string>
			</array>
		</dict>
		<key>53D9CD09172215E300EDFE11</key>
		<dict>
			<key>buildConfigurations</key>
			<array>
				<string>53D9CD4F172215E300EDFE11</string>
				<string>53D9CD50172215E300EDFE11</string>
			</array>
			<key>defaultConfigurationIsVisible</key>
			<string>0</string>
			<key>defaultConfigurationName</key>
			<string>Release</string>
			<key>isa</key>
			<string>XCConfigurationList</string>
		</dict>
		<key>53D9CD0A172215E300EDFE11</key>
		<dict>
			<key>buildActionMask</key>
			<string>2147483647</string>
			<key>files</key>
			<array>
				<string>53D9CD1E172215E300EDFE11</string>
				<string>53D9CD22172215E300EDFE11</string>
				<string>53D9CD2E172215E300EDFE11</string>
				<string>53D9CD35172215E300EDFE11</string>
				<string>53D9CD5A1722188D00EDFE11</string>
				<string>53ED93CD17222A9400208C44</string>
				<string>53ED93D017222A9500208C44</string>
				<string>53ED957A172236C600208C44</string>
				<string>E9D44A58172246FF006CEEAA</string>
				<string>E9D44A5B17224DDB006CEEAA</string>
			</array>
			<key>isa</key>
			<string>PBXSourcesBuildPhase</string>
			<key>runOnlyForDeploymentPostprocessing</key>
			<string>0</string>
		</dict>
		<key>53D9CD0B172215E300EDFE11</key>
		<dict>
			<key>buildActionMask</key>
			<string>2147483647</string>
			<key>files</key>
			<array>
				<string>53ED957717222F4500208C44</string>
				<string>53D9CD12172215E300EDFE11</string>
				<string>53D9CD14172215E300EDFE11</string>
				<string>53D9CD16172215E300EDFE11</string>
				<string>8A1CC144D55146CF999EDEB2</string>
			</array>
			<key>isa</key>
			<string>PBXFrameworksBuildPhase</string>
			<key>runOnlyForDeploymentPostprocessing</key>
			<string>0</string>
		</dict>
		<key>53D9CD0C172215E300EDFE11</key>
		<dict>
			<key>buildActionMask</key>
			<string>2147483647</string>
			<key>files</key>
			<array>
				<string>53D9CD1C172215E300EDFE11</string>
				<string>53D9CD24172215E300EDFE11</string>
				<string>53D9CD26172215E300EDFE11</string>
				<string>53D9CD28172215E300EDFE11</string>
				<string>53D9CD2B172215E300EDFE11</string>
				<string>53D9CD30172215E300EDFE11</string>
				<string>53D9CD32172215E300EDFE11</string>
				<string>53D9CD37172215E300EDFE11</string>
				<string>53D9CD39172215E300EDFE11</string>
			</array>
			<key>isa</key>
			<string>PBXResourcesBuildPhase</string>
			<key>runOnlyForDeploymentPostprocessing</key>
			<string>0</string>
		</dict>
		<key>53D9CD0D172215E300EDFE11</key>
		<dict>
			<key>buildConfigurationList</key>
			<string>53D9CD51172215E300EDFE11</string>
			<key>buildPhases</key>
			<array>
				<string>8F6709AD00484DD891C07DFB</string>
				<string>53D9CD0A172215E300EDFE11</string>
				<string>53D9CD0B172215E300EDFE11</string>
				<string>53D9CD0C172215E300EDFE11</string>
				<string>94646C009CE24A859097948B</string>
			</array>
			<key>buildRules</key>
			<array/>
			<key>dependencies</key>
			<array/>
			<key>isa</key>
			<string>PBXNativeTarget</string>
			<key>name</key>
			<string>MeuDeputado</string>
			<key>productName</key>
			<string>MeuDeputado</string>
			<key>productReference</key>
			<string>53D9CD0E172215E300EDFE11</string>
			<key>productType</key>
			<string>com.apple.product-type.application</string>
		</dict>
		<key>53D9CD0E172215E300EDFE11</key>
		<dict>
			<key>explicitFileType</key>
			<string>wrapper.application</string>
			<key>includeInIndex</key>
			<string>0</string>
			<key>isa</key>
			<string>PBXFileReference</string>
			<key>path</key>
			<string>MeuDeputado.app</string>
			<key>sourceTree</key>
			<string>BUILT_PRODUCTS_DIR</string>
		</dict>
		<key>53D9CD0F172215E300EDFE11</key>
		<dict>
			<key>children</key>
			<array>
				<string>53D9CD0E172215E300EDFE11</string>
				<string>53D9CD3F172215E300EDFE11</string>
			</array>
			<key>isa</key>
			<string>PBXGroup</string>
			<key>name</key>
			<string>Products</string>
			<key>sourceTree</key>
			<string>&lt;group&gt;</string>
		</dict>
		<key>53D9CD10172215E300EDFE11</key>
		<dict>
			<key>children</key>
			<array>
				<string>53ED957617222F4500208C44</string>
				<string>53D9CD11172215E300EDFE11</string>
				<string>53D9CD13172215E300EDFE11</string>
				<string>53D9CD15172215E300EDFE11</string>
				<string>53D9CD40172215E300EDFE11</string>
				<string>7798F6414E8745A08CFDAE55</string>
			</array>
			<key>isa</key>
			<string>PBXGroup</string>
			<key>name</key>
			<string>Frameworks</string>
			<key>sourceTree</key>
			<string>&lt;group&gt;</string>
		</dict>
		<key>53D9CD11172215E300EDFE11</key>
		<dict>
			<key>isa</key>
			<string>PBXFileReference</string>
			<key>lastKnownFileType</key>
			<string>wrapper.framework</string>
			<key>name</key>
			<string>UIKit.framework</string>
			<key>path</key>
			<string>System/Library/Frameworks/UIKit.framework</string>
			<key>sourceTree</key>
			<string>SDKROOT</string>
		</dict>
		<key>53D9CD12172215E300EDFE11</key>
		<dict>
			<key>fileRef</key>
			<string>53D9CD11172215E300EDFE11</string>
			<key>isa</key>
			<string>PBXBuildFile</string>
		</dict>
		<key>53D9CD13172215E300EDFE11</key>
		<dict>
			<key>isa</key>
			<string>PBXFileReference</string>
			<key>lastKnownFileType</key>
			<string>wrapper.framework</string>
			<key>name</key>
			<string>Foundation.framework</string>
			<key>path</key>
			<string>System/Library/Frameworks/Foundation.framework</string>
			<key>sourceTree</key>
			<string>SDKROOT</string>
		</dict>
		<key>53D9CD14172215E300EDFE11</key>
		<dict>
			<key>fileRef</key>
			<string>53D9CD13172215E300EDFE11</string>
			<key>isa</key>
			<string>PBXBuildFile</string>
		</dict>
		<key>53D9CD15172215E300EDFE11</key>
		<dict>
			<key>isa</key>
			<string>PBXFileReference</string>
			<key>lastKnownFileType</key>
			<string>wrapper.framework</string>
			<key>name</key>
			<string>CoreGraphics.framework</string>
			<key>path</key>
			<string>System/Library/Frameworks/CoreGraphics.framework</string>
			<key>sourceTree</key>
			<string>SDKROOT</string>
		</dict>
		<key>53D9CD16172215E300EDFE11</key>
		<dict>
			<key>fileRef</key>
			<string>53D9CD15172215E300EDFE11</string>
			<key>isa</key>
			<string>PBXBuildFile</string>
		</dict>
		<key>53D9CD17172215E300EDFE11</key>
		<dict>
			<key>children</key>
			<array>
				<string>E9D44A55172246E1006CEEAA</string>
				<string>53ED93D117222CE100208C44</string>
				<string>53D9CD57172217CC00EDFE11</string>
				<string>53D9CD20172215E300EDFE11</string>
				<string>53D9CD21172215E300EDFE11</string>
				<string>53D9CD29172215E300EDFE11</string>
				<string>53D9CD2C172215E300EDFE11</string>
				<string>53D9CD2D172215E300EDFE11</string>
				<string>53D9CD2F172215E300EDFE11</string>
				<string>53D9CD31172215E300EDFE11</string>
				<string>53D9CD33172215E300EDFE11</string>
				<string>53D9CD34172215E300EDFE11</string>
				<string>53D9CD36172215E300EDFE11</string>
				<string>53D9CD38172215E300EDFE11</string>
				<string>53D9CD18172215E300EDFE11</string>
			</array>
			<key>isa</key>
			<string>PBXGroup</string>
			<key>path</key>
			<string>MeuDeputado</string>
			<key>sourceTree</key>
			<string>&lt;group&gt;</string>
		</dict>
		<key>53D9CD18172215E300EDFE11</key>
		<dict>
			<key>children</key>
			<array>
				<string>53D9CD19172215E300EDFE11</string>
				<string>53D9CD1A172215E300EDFE11</string>
				<string>53D9CD1D172215E300EDFE11</string>
				<string>53D9CD1F172215E300EDFE11</string>
				<string>53D9CD23172215E300EDFE11</string>
				<string>53D9CD25172215E300EDFE11</string>
				<string>53D9CD27172215E300EDFE11</string>
			</array>
			<key>isa</key>
			<string>PBXGroup</string>
			<key>name</key>
			<string>Supporting Files</string>
			<key>sourceTree</key>
			<string>&lt;group&gt;</string>
		</dict>
		<key>53D9CD19172215E300EDFE11</key>
		<dict>
			<key>isa</key>
			<string>PBXFileReference</string>
			<key>lastKnownFileType</key>
			<string>text.plist.xml</string>
			<key>path</key>
			<string>MeuDeputado-Info.plist</string>
			<key>sourceTree</key>
			<string>&lt;group&gt;</string>
		</dict>
		<key>53D9CD1A172215E300EDFE11</key>
		<dict>
			<key>children</key>
			<array>
				<string>53D9CD1B172215E300EDFE11</string>
			</array>
			<key>isa</key>
			<string>PBXVariantGroup</string>
			<key>name</key>
			<string>InfoPlist.strings</string>
			<key>sourceTree</key>
			<string>&lt;group&gt;</string>
		</dict>
		<key>53D9CD1B172215E300EDFE11</key>
		<dict>
			<key>isa</key>
			<string>PBXFileReference</string>
			<key>lastKnownFileType</key>
			<string>text.plist.strings</string>
			<key>name</key>
			<string>en</string>
			<key>path</key>
			<string>en.lproj/InfoPlist.strings</string>
			<key>sourceTree</key>
			<string>&lt;group&gt;</string>
		</dict>
		<key>53D9CD1C172215E300EDFE11</key>
		<dict>
			<key>fileRef</key>
			<string>53D9CD1A172215E300EDFE11</string>
			<key>isa</key>
			<string>PBXBuildFile</string>
		</dict>
		<key>53D9CD1D172215E300EDFE11</key>
		<dict>
			<key>isa</key>
			<string>PBXFileReference</string>
			<key>lastKnownFileType</key>
			<string>sourcecode.c.objc</string>
			<key>path</key>
			<string>main.m</string>
			<key>sourceTree</key>
			<string>&lt;group&gt;</string>
		</dict>
		<key>53D9CD1E172215E300EDFE11</key>
		<dict>
			<key>fileRef</key>
			<string>53D9CD1D172215E300EDFE11</string>
			<key>isa</key>
			<string>PBXBuildFile</string>
		</dict>
		<key>53D9CD1F172215E300EDFE11</key>
		<dict>
			<key>isa</key>
			<string>PBXFileReference</string>
			<key>lastKnownFileType</key>
			<string>sourcecode.c.h</string>
			<key>path</key>
			<string>MeuDeputado-Prefix.pch</string>
			<key>sourceTree</key>
			<string>&lt;group&gt;</string>
		</dict>
		<key>53D9CD20172215E300EDFE11</key>
		<dict>
			<key>isa</key>
			<string>PBXFileReference</string>
			<key>lastKnownFileType</key>
			<string>sourcecode.c.h</string>
			<key>path</key>
			<string>DDAppDelegate.h</string>
			<key>sourceTree</key>
			<string>&lt;group&gt;</string>
		</dict>
		<key>53D9CD21172215E300EDFE11</key>
		<dict>
			<key>isa</key>
			<string>PBXFileReference</string>
			<key>lastKnownFileType</key>
			<string>sourcecode.c.objc</string>
			<key>path</key>
			<string>DDAppDelegate.m</string>
			<key>sourceTree</key>
			<string>&lt;group&gt;</string>
		</dict>
		<key>53D9CD22172215E300EDFE11</key>
		<dict>
			<key>fileRef</key>
			<string>53D9CD21172215E300EDFE11</string>
			<key>isa</key>
			<string>PBXBuildFile</string>
		</dict>
		<key>53D9CD23172215E300EDFE11</key>
		<dict>
			<key>isa</key>
			<string>PBXFileReference</string>
			<key>lastKnownFileType</key>
			<string>image.png</string>
			<key>path</key>
			<string>Default.png</string>
			<key>sourceTree</key>
			<string>&lt;group&gt;</string>
		</dict>
		<key>53D9CD24172215E300EDFE11</key>
		<dict>
			<key>fileRef</key>
			<string>53D9CD23172215E300EDFE11</string>
			<key>isa</key>
			<string>PBXBuildFile</string>
		</dict>
		<key>53D9CD25172215E300EDFE11</key>
		<dict>
			<key>isa</key>
			<string>PBXFileReference</string>
			<key>lastKnownFileType</key>
			<string>image.png</string>
			<key>path</key>
			<string>Default@2x.png</string>
			<key>sourceTree</key>
			<string>&lt;group&gt;</string>
		</dict>
		<key>53D9CD26172215E300EDFE11</key>
		<dict>
			<key>fileRef</key>
			<string>53D9CD25172215E300EDFE11</string>
			<key>isa</key>
			<string>PBXBuildFile</string>
		</dict>
		<key>53D9CD27172215E300EDFE11</key>
		<dict>
			<key>isa</key>
			<string>PBXFileReference</string>
			<key>lastKnownFileType</key>
			<string>image.png</string>
			<key>path</key>
			<string>Default-568h@2x.png</string>
			<key>sourceTree</key>
			<string>&lt;group&gt;</string>
		</dict>
		<key>53D9CD28172215E300EDFE11</key>
		<dict>
			<key>fileRef</key>
			<string>53D9CD27172215E300EDFE11</string>
			<key>isa</key>
			<string>PBXBuildFile</string>
		</dict>
		<key>53D9CD29172215E300EDFE11</key>
		<dict>
			<key>children</key>
			<array>
				<string>53D9CD2A172215E300EDFE11</string>
			</array>
			<key>isa</key>
			<string>PBXVariantGroup</string>
			<key>name</key>
			<string>MainStoryboard.storyboard</string>
			<key>sourceTree</key>
			<string>&lt;group&gt;</string>
		</dict>
		<key>53D9CD2A172215E300EDFE11</key>
		<dict>
			<key>isa</key>
			<string>PBXFileReference</string>
			<key>lastKnownFileType</key>
			<string>file.storyboard</string>
			<key>name</key>
			<string>en</string>
			<key>path</key>
			<string>en.lproj/MainStoryboard.storyboard</string>
			<key>sourceTree</key>
			<string>&lt;group&gt;</string>
		</dict>
		<key>53D9CD2B172215E300EDFE11</key>
		<dict>
			<key>fileRef</key>
			<string>53D9CD29172215E300EDFE11</string>
			<key>isa</key>
			<string>PBXBuildFile</string>
		</dict>
		<key>53D9CD2C172215E300EDFE11</key>
		<dict>
			<key>isa</key>
			<string>PBXFileReference</string>
			<key>lastKnownFileType</key>
			<string>sourcecode.c.h</string>
			<key>path</key>
			<string>DDFirstViewController.h</string>
			<key>sourceTree</key>
			<string>&lt;group&gt;</string>
		</dict>
		<key>53D9CD2D172215E300EDFE11</key>
		<dict>
			<key>isa</key>
			<string>PBXFileReference</string>
			<key>lastKnownFileType</key>
			<string>sourcecode.c.objc</string>
			<key>path</key>
			<string>DDFirstViewController.m</string>
			<key>sourceTree</key>
			<string>&lt;group&gt;</string>
		</dict>
		<key>53D9CD2E172215E300EDFE11</key>
		<dict>
			<key>fileRef</key>
			<string>53D9CD2D172215E300EDFE11</string>
			<key>isa</key>
			<string>PBXBuildFile</string>
		</dict>
		<key>53D9CD2F172215E300EDFE11</key>
		<dict>
			<key>isa</key>
			<string>PBXFileReference</string>
			<key>lastKnownFileType</key>
			<string>image.png</string>
			<key>path</key>
			<string>first.png</string>
			<key>sourceTree</key>
			<string>&lt;group&gt;</string>
		</dict>
		<key>53D9CD30172215E300EDFE11</key>
		<dict>
			<key>fileRef</key>
			<string>53D9CD2F172215E300EDFE11</string>
			<key>isa</key>
			<string>PBXBuildFile</string>
		</dict>
		<key>53D9CD31172215E300EDFE11</key>
		<dict>
			<key>isa</key>
			<string>PBXFileReference</string>
			<key>lastKnownFileType</key>
			<string>image.png</string>
			<key>path</key>
			<string>first@2x.png</string>
			<key>sourceTree</key>
			<string>&lt;group&gt;</string>
		</dict>
		<key>53D9CD32172215E300EDFE11</key>
		<dict>
			<key>fileRef</key>
			<string>53D9CD31172215E300EDFE11</string>
			<key>isa</key>
			<string>PBXBuildFile</string>
		</dict>
		<key>53D9CD33172215E300EDFE11</key>
		<dict>
			<key>isa</key>
			<string>PBXFileReference</string>
			<key>lastKnownFileType</key>
			<string>sourcecode.c.h</string>
			<key>path</key>
			<string>DDSecondViewController.h</string>
			<key>sourceTree</key>
			<string>&lt;group&gt;</string>
		</dict>
		<key>53D9CD34172215E300EDFE11</key>
		<dict>
			<key>isa</key>
			<string>PBXFileReference</string>
			<key>lastKnownFileType</key>
			<string>sourcecode.c.objc</string>
			<key>path</key>
			<string>DDSecondViewController.m</string>
			<key>sourceTree</key>
			<string>&lt;group&gt;</string>
		</dict>
		<key>53D9CD35172215E300EDFE11</key>
		<dict>
			<key>fileRef</key>
			<string>53D9CD34172215E300EDFE11</string>
			<key>isa</key>
			<string>PBXBuildFile</string>
		</dict>
		<key>53D9CD36172215E300EDFE11</key>
		<dict>
			<key>isa</key>
			<string>PBXFileReference</string>
			<key>lastKnownFileType</key>
			<string>image.png</string>
			<key>path</key>
			<string>second.png</string>
			<key>sourceTree</key>
			<string>&lt;group&gt;</string>
		</dict>
		<key>53D9CD37172215E300EDFE11</key>
		<dict>
			<key>fileRef</key>
			<string>53D9CD36172215E300EDFE11</string>
			<key>isa</key>
			<string>PBXBuildFile</string>
		</dict>
		<key>53D9CD38172215E300EDFE11</key>
		<dict>
			<key>isa</key>
			<string>PBXFileReference</string>
			<key>lastKnownFileType</key>
			<string>image.png</string>
			<key>path</key>
			<string>second@2x.png</string>
			<key>sourceTree</key>
			<string>&lt;group&gt;</string>
		</dict>
		<key>53D9CD39172215E300EDFE11</key>
		<dict>
			<key>fileRef</key>
			<string>53D9CD38172215E300EDFE11</string>
			<key>isa</key>
			<string>PBXBuildFile</string>
		</dict>
		<key>53D9CD3A172215E300EDFE11</key>
		<dict>
			<key>buildActionMask</key>
			<string>2147483647</string>
			<key>files</key>
			<array>
				<string>53D9CD4E172215E300EDFE11</string>
			</array>
			<key>isa</key>
			<string>PBXSourcesBuildPhase</string>
			<key>runOnlyForDeploymentPostprocessing</key>
			<string>0</string>
		</dict>
		<key>53D9CD3B172215E300EDFE11</key>
		<dict>
			<key>buildActionMask</key>
			<string>2147483647</string>
			<key>files</key>
			<array>
				<string>53D9CD41172215E300EDFE11</string>
				<string>53D9CD42172215E300EDFE11</string>
				<string>53D9CD43172215E300EDFE11</string>
			</array>
			<key>isa</key>
			<string>PBXFrameworksBuildPhase</string>
			<key>runOnlyForDeploymentPostprocessing</key>
			<string>0</string>
		</dict>
		<key>53D9CD3C172215E300EDFE11</key>
		<dict>
			<key>buildActionMask</key>
			<string>2147483647</string>
			<key>files</key>
			<array>
				<string>53D9CD4B172215E300EDFE11</string>
			</array>
			<key>isa</key>
			<string>PBXResourcesBuildPhase</string>
			<key>runOnlyForDeploymentPostprocessing</key>
			<string>0</string>
		</dict>
		<key>53D9CD3D172215E300EDFE11</key>
		<dict>
			<key>buildActionMask</key>
			<string>2147483647</string>
			<key>files</key>
			<array/>
			<key>inputPaths</key>
			<array/>
			<key>isa</key>
			<string>PBXShellScriptBuildPhase</string>
			<key>outputPaths</key>
			<array/>
			<key>runOnlyForDeploymentPostprocessing</key>
			<string>0</string>
			<key>shellPath</key>
			<string>/bin/sh</string>
			<key>shellScript</key>
			<string># Run the unit tests in this test bundle.
"${SYSTEM_DEVELOPER_DIR}/Tools/RunUnitTests"
</string>
		</dict>
		<key>53D9CD3E172215E300EDFE11</key>
		<dict>
			<key>buildConfigurationList</key>
			<string>53D9CD54172215E300EDFE11</string>
			<key>buildPhases</key>
			<array>
				<string>53D9CD3A172215E300EDFE11</string>
				<string>53D9CD3B172215E300EDFE11</string>
				<string>53D9CD3C172215E300EDFE11</string>
				<string>53D9CD3D172215E300EDFE11</string>
			</array>
			<key>buildRules</key>
			<array/>
			<key>dependencies</key>
			<array>
				<string>53D9CD45172215E300EDFE11</string>
			</array>
			<key>isa</key>
			<string>PBXNativeTarget</string>
			<key>name</key>
			<string>MeuDeputadoTests</string>
			<key>productName</key>
			<string>MeuDeputadoTests</string>
			<key>productReference</key>
			<string>53D9CD3F172215E300EDFE11</string>
			<key>productType</key>
			<string>com.apple.product-type.bundle</string>
		</dict>
		<key>53D9CD3F172215E300EDFE11</key>
		<dict>
			<key>explicitFileType</key>
			<string>wrapper.cfbundle</string>
			<key>includeInIndex</key>
			<string>0</string>
			<key>isa</key>
			<string>PBXFileReference</string>
			<key>path</key>
			<string>MeuDeputadoTests.octest</string>
			<key>sourceTree</key>
			<string>BUILT_PRODUCTS_DIR</string>
		</dict>
		<key>53D9CD40172215E300EDFE11</key>
		<dict>
			<key>isa</key>
			<string>PBXFileReference</string>
			<key>lastKnownFileType</key>
			<string>wrapper.framework</string>
			<key>name</key>
			<string>SenTestingKit.framework</string>
			<key>path</key>
			<string>Library/Frameworks/SenTestingKit.framework</string>
			<key>sourceTree</key>
			<string>DEVELOPER_DIR</string>
		</dict>
		<key>53D9CD41172215E300EDFE11</key>
		<dict>
			<key>fileRef</key>
			<string>53D9CD40172215E300EDFE11</string>
			<key>isa</key>
			<string>PBXBuildFile</string>
		</dict>
		<key>53D9CD42172215E300EDFE11</key>
		<dict>
			<key>fileRef</key>
			<string>53D9CD11172215E300EDFE11</string>
			<key>isa</key>
			<string>PBXBuildFile</string>
		</dict>
		<key>53D9CD43172215E300EDFE11</key>
		<dict>
			<key>fileRef</key>
			<string>53D9CD13172215E300EDFE11</string>
			<key>isa</key>
			<string>PBXBuildFile</string>
		</dict>
		<key>53D9CD44172215E300EDFE11</key>
		<dict>
			<key>containerPortal</key>
			<string>53D9CD06172215E300EDFE11</string>
			<key>isa</key>
			<string>PBXContainerItemProxy</string>
			<key>proxyType</key>
			<string>1</string>
			<key>remoteGlobalIDString</key>
			<string>53D9CD0D172215E300EDFE11</string>
			<key>remoteInfo</key>
			<string>MeuDeputado</string>
		</dict>
		<key>53D9CD45172215E300EDFE11</key>
		<dict>
			<key>isa</key>
			<string>PBXTargetDependency</string>
			<key>target</key>
			<string>53D9CD0D172215E300EDFE11</string>
			<key>targetProxy</key>
			<string>53D9CD44172215E300EDFE11</string>
		</dict>
		<key>53D9CD46172215E300EDFE11</key>
		<dict>
			<key>children</key>
			<array>
				<string>53D9CD4C172215E300EDFE11</string>
				<string>53D9CD4D172215E300EDFE11</string>
				<string>53D9CD47172215E300EDFE11</string>
			</array>
			<key>isa</key>
			<string>PBXGroup</string>
			<key>path</key>
			<string>MeuDeputadoTests</string>
			<key>sourceTree</key>
			<string>&lt;group&gt;</string>
		</dict>
		<key>53D9CD47172215E300EDFE11</key>
		<dict>
			<key>children</key>
			<array>
				<string>53D9CD48172215E300EDFE11</string>
				<string>53D9CD49172215E300EDFE11</string>
			</array>
			<key>isa</key>
			<string>PBXGroup</string>
			<key>name</key>
			<string>Supporting Files</string>
			<key>sourceTree</key>
			<string>&lt;group&gt;</string>
		</dict>
		<key>53D9CD48172215E300EDFE11</key>
		<dict>
			<key>isa</key>
			<string>PBXFileReference</string>
			<key>lastKnownFileType</key>
			<string>text.plist.xml</string>
			<key>path</key>
			<string>MeuDeputadoTests-Info.plist</string>
			<key>sourceTree</key>
			<string>&lt;group&gt;</string>
		</dict>
		<key>53D9CD49172215E300EDFE11</key>
		<dict>
			<key>children</key>
			<array>
				<string>53D9CD4A172215E300EDFE11</string>
			</array>
			<key>isa</key>
			<string>PBXVariantGroup</string>
			<key>name</key>
			<string>InfoPlist.strings</string>
			<key>sourceTree</key>
			<string>&lt;group&gt;</string>
		</dict>
		<key>53D9CD4A172215E300EDFE11</key>
		<dict>
			<key>isa</key>
			<string>PBXFileReference</string>
			<key>lastKnownFileType</key>
			<string>text.plist.strings</string>
			<key>name</key>
			<string>en</string>
			<key>path</key>
			<string>en.lproj/InfoPlist.strings</string>
			<key>sourceTree</key>
			<string>&lt;group&gt;</string>
		</dict>
		<key>53D9CD4B172215E300EDFE11</key>
		<dict>
			<key>fileRef</key>
			<string>53D9CD49172215E300EDFE11</string>
			<key>isa</key>
			<string>PBXBuildFile</string>
		</dict>
		<key>53D9CD4C172215E300EDFE11</key>
		<dict>
			<key>isa</key>
			<string>PBXFileReference</string>
			<key>lastKnownFileType</key>
			<string>sourcecode.c.h</string>
			<key>path</key>
			<string>MeuDeputadoTests.h</string>
			<key>sourceTree</key>
			<string>&lt;group&gt;</string>
		</dict>
		<key>53D9CD4D172215E300EDFE11</key>
		<dict>
			<key>isa</key>
			<string>PBXFileReference</string>
			<key>lastKnownFileType</key>
			<string>sourcecode.c.objc</string>
			<key>path</key>
			<string>MeuDeputadoTests.m</string>
			<key>sourceTree</key>
			<string>&lt;group&gt;</string>
		</dict>
		<key>53D9CD4E172215E300EDFE11</key>
		<dict>
			<key>fileRef</key>
			<string>53D9CD4D172215E300EDFE11</string>
			<key>isa</key>
			<string>PBXBuildFile</string>
		</dict>
		<key>53D9CD4F172215E300EDFE11</key>
		<dict>
			<key>buildSettings</key>
			<dict>
				<key>ALWAYS_SEARCH_USER_PATHS</key>
				<string>NO</string>
				<key>CLANG_CXX_LANGUAGE_STANDARD</key>
				<string>gnu++0x</string>
				<key>CLANG_CXX_LIBRARY</key>
				<string>libc++</string>
				<key>CLANG_ENABLE_OBJC_ARC</key>
				<string>YES</string>
				<key>CLANG_WARN_CONSTANT_CONVERSION</key>
				<string>YES</string>
				<key>CLANG_WARN_EMPTY_BODY</key>
				<string>YES</string>
				<key>CLANG_WARN_ENUM_CONVERSION</key>
				<string>YES</string>
				<key>CLANG_WARN_INT_CONVERSION</key>
				<string>YES</string>
				<key>CLANG_WARN__DUPLICATE_METHOD_MATCH</key>
				<string>YES</string>
				<key>CODE_SIGN_IDENTITY[sdk=iphoneos*]</key>
				<string>iPhone Developer</string>
				<key>COPY_PHASE_STRIP</key>
				<string>NO</string>
				<key>GCC_C_LANGUAGE_STANDARD</key>
				<string>gnu99</string>
				<key>GCC_DYNAMIC_NO_PIC</key>
				<string>NO</string>
				<key>GCC_OPTIMIZATION_LEVEL</key>
				<string>0</string>
				<key>GCC_PREPROCESSOR_DEFINITIONS</key>
				<array>
					<string>DEBUG=1</string>
					<string>$(inherited)</string>
				</array>
				<key>GCC_SYMBOLS_PRIVATE_EXTERN</key>
				<string>NO</string>
				<key>GCC_WARN_ABOUT_RETURN_TYPE</key>
				<string>YES</string>
				<key>GCC_WARN_UNINITIALIZED_AUTOS</key>
				<string>YES</string>
				<key>GCC_WARN_UNUSED_VARIABLE</key>
				<string>YES</string>
				<key>IPHONEOS_DEPLOYMENT_TARGET</key>
				<string>6.1</string>
				<key>ONLY_ACTIVE_ARCH</key>
				<string>YES</string>
				<key>SDKROOT</key>
				<string>iphoneos</string>
			</dict>
			<key>isa</key>
			<string>XCBuildConfiguration</string>
			<key>name</key>
			<string>Debug</string>
		</dict>
		<key>53D9CD50172215E300EDFE11</key>
		<dict>
			<key>buildSettings</key>
			<dict>
				<key>ALWAYS_SEARCH_USER_PATHS</key>
				<string>NO</string>
				<key>CLANG_CXX_LANGUAGE_STANDARD</key>
				<string>gnu++0x</string>
				<key>CLANG_CXX_LIBRARY</key>
				<string>libc++</string>
				<key>CLANG_ENABLE_OBJC_ARC</key>
				<string>YES</string>
				<key>CLANG_WARN_CONSTANT_CONVERSION</key>
				<string>YES</string>
				<key>CLANG_WARN_EMPTY_BODY</key>
				<string>YES</string>
				<key>CLANG_WARN_ENUM_CONVERSION</key>
				<string>YES</string>
				<key>CLANG_WARN_INT_CONVERSION</key>
				<string>YES</string>
				<key>CLANG_WARN__DUPLICATE_METHOD_MATCH</key>
				<string>YES</string>
				<key>CODE_SIGN_IDENTITY[sdk=iphoneos*]</key>
				<string>iPhone Developer</string>
				<key>COPY_PHASE_STRIP</key>
				<string>YES</string>
				<key>GCC_C_LANGUAGE_STANDARD</key>
				<string>gnu99</string>
				<key>GCC_WARN_ABOUT_RETURN_TYPE</key>
				<string>YES</string>
				<key>GCC_WARN_UNINITIALIZED_AUTOS</key>
				<string>YES</string>
				<key>GCC_WARN_UNUSED_VARIABLE</key>
				<string>YES</string>
				<key>IPHONEOS_DEPLOYMENT_TARGET</key>
				<string>6.1</string>
				<key>OTHER_CFLAGS</key>
				<string>-DNS_BLOCK_ASSERTIONS=1</string>
				<key>SDKROOT</key>
				<string>iphoneos</string>
				<key>VALIDATE_PRODUCT</key>
				<string>YES</string>
			</dict>
			<key>isa</key>
			<string>XCBuildConfiguration</string>
			<key>name</key>
			<string>Release</string>
		</dict>
		<key>53D9CD51172215E300EDFE11</key>
		<dict>
			<key>buildConfigurations</key>
			<array>
				<string>53D9CD52172215E300EDFE11</string>
				<string>53D9CD53172215E300EDFE11</string>
			</array>
			<key>defaultConfigurationIsVisible</key>
			<string>0</string>
			<key>defaultConfigurationName</key>
			<string>Release</string>
			<key>isa</key>
			<string>XCConfigurationList</string>
		</dict>
		<key>53D9CD52172215E300EDFE11</key>
		<dict>
			<key>baseConfigurationReference</key>
			<string>E1C20E009D544284A246C5AC</string>
			<key>buildSettings</key>
			<dict>
				<key>FRAMEWORK_SEARCH_PATHS</key>
				<array>
					<string>$(inherited)</string>
					<string>"$(SRCROOT)/MeuDeputado/External/MagicalRecord/Project Files/iOS App Unit Tests/Frameworks"</string>
					<string>"$(SRCROOT)/MeuDeputado/External/MagicalRecord/Project Files/Mac App Unit Tests/Frameworks"</string>
				</array>
				<key>GCC_PRECOMPILE_PREFIX_HEADER</key>
				<string>YES</string>
				<key>GCC_PREFIX_HEADER</key>
				<string>MeuDeputado/MeuDeputado-Prefix.pch</string>
				<key>INFOPLIST_FILE</key>
				<string>MeuDeputado/MeuDeputado-Info.plist</string>
				<key>LIBRARY_SEARCH_PATHS</key>
				<array>
					<string>$(inherited)</string>
					<string>"$(SRCROOT)/MeuDeputado/External/MagicalRecord/Project Files/iOS App Unit Tests/Frameworks/OCMockLibrary"</string>
					<string>"$(SRCROOT)/MeuDeputado/External/MagicalRecord/Project Files/Mac App Unit Tests/Frameworks/OCMockLibrary"</string>
				</array>
				<key>PRODUCT_NAME</key>
				<string>$(TARGET_NAME)</string>
				<key>WRAPPER_EXTENSION</key>
				<string>app</string>
			</dict>
			<key>isa</key>
			<string>XCBuildConfiguration</string>
			<key>name</key>
			<string>Debug</string>
		</dict>
		<key>53D9CD53172215E300EDFE11</key>
		<dict>
			<key>baseConfigurationReference</key>
			<string>E1C20E009D544284A246C5AC</string>
			<key>buildSettings</key>
			<dict>
				<key>FRAMEWORK_SEARCH_PATHS</key>
				<array>
					<string>$(inherited)</string>
					<string>"$(SRCROOT)/MeuDeputado/External/MagicalRecord/Project Files/iOS App Unit Tests/Frameworks"</string>
					<string>"$(SRCROOT)/MeuDeputado/External/MagicalRecord/Project Files/Mac App Unit Tests/Frameworks"</string>
				</array>
				<key>GCC_PRECOMPILE_PREFIX_HEADER</key>
				<string>YES</string>
				<key>GCC_PREFIX_HEADER</key>
				<string>MeuDeputado/MeuDeputado-Prefix.pch</string>
				<key>INFOPLIST_FILE</key>
				<string>MeuDeputado/MeuDeputado-Info.plist</string>
				<key>LIBRARY_SEARCH_PATHS</key>
				<array>
					<string>$(inherited)</string>
					<string>"$(SRCROOT)/MeuDeputado/External/MagicalRecord/Project Files/iOS App Unit Tests/Frameworks/OCMockLibrary"</string>
					<string>"$(SRCROOT)/MeuDeputado/External/MagicalRecord/Project Files/Mac App Unit Tests/Frameworks/OCMockLibrary"</string>
				</array>
				<key>PRODUCT_NAME</key>
				<string>$(TARGET_NAME)</string>
				<key>WRAPPER_EXTENSION</key>
				<string>app</string>
			</dict>
			<key>isa</key>
			<string>XCBuildConfiguration</string>
			<key>name</key>
			<string>Release</string>
		</dict>
		<key>53D9CD54172215E300EDFE11</key>
		<dict>
			<key>buildConfigurations</key>
			<array>
				<string>53D9CD55172215E300EDFE11</string>
				<string>53D9CD56172215E300EDFE11</string>
			</array>
			<key>defaultConfigurationIsVisible</key>
			<string>0</string>
			<key>defaultConfigurationName</key>
			<string>Release</string>
			<key>isa</key>
			<string>XCConfigurationList</string>
		</dict>
		<key>53D9CD55172215E300EDFE11</key>
		<dict>
			<key>buildSettings</key>
			<dict>
				<key>BUNDLE_LOADER</key>
				<string>$(BUILT_PRODUCTS_DIR)/MeuDeputado.app/MeuDeputado</string>
				<key>FRAMEWORK_SEARCH_PATHS</key>
				<array>
					<string>"$(SDKROOT)/Developer/Library/Frameworks"</string>
					<string>"$(DEVELOPER_LIBRARY_DIR)/Frameworks"</string>
				</array>
				<key>GCC_PRECOMPILE_PREFIX_HEADER</key>
				<string>YES</string>
				<key>GCC_PREFIX_HEADER</key>
				<string>MeuDeputado/MeuDeputado-Prefix.pch</string>
				<key>INFOPLIST_FILE</key>
				<string>MeuDeputadoTests/MeuDeputadoTests-Info.plist</string>
				<key>PRODUCT_NAME</key>
				<string>$(TARGET_NAME)</string>
				<key>TEST_HOST</key>
				<string>$(BUNDLE_LOADER)</string>
				<key>WRAPPER_EXTENSION</key>
				<string>octest</string>
			</dict>
			<key>isa</key>
			<string>XCBuildConfiguration</string>
			<key>name</key>
			<string>Debug</string>
		</dict>
		<key>53D9CD56172215E300EDFE11</key>
		<dict>
			<key>buildSettings</key>
			<dict>
				<key>BUNDLE_LOADER</key>
				<string>$(BUILT_PRODUCTS_DIR)/MeuDeputado.app/MeuDeputado</string>
				<key>FRAMEWORK_SEARCH_PATHS</key>
				<array>
					<string>"$(SDKROOT)/Developer/Library/Frameworks"</string>
					<string>"$(DEVELOPER_LIBRARY_DIR)/Frameworks"</string>
				</array>
				<key>GCC_PRECOMPILE_PREFIX_HEADER</key>
				<string>YES</string>
				<key>GCC_PREFIX_HEADER</key>
				<string>MeuDeputado/MeuDeputado-Prefix.pch</string>
				<key>INFOPLIST_FILE</key>
				<string>MeuDeputadoTests/MeuDeputadoTests-Info.plist</string>
				<key>PRODUCT_NAME</key>
				<string>$(TARGET_NAME)</string>
				<key>TEST_HOST</key>
				<string>$(BUNDLE_LOADER)</string>
				<key>WRAPPER_EXTENSION</key>
				<string>octest</string>
			</dict>
			<key>isa</key>
			<string>XCBuildConfiguration</string>
			<key>name</key>
			<string>Release</string>
		</dict>
		<key>53D9CD57172217CC00EDFE11</key>
		<dict>
			<key>children</key>
			<array>
				<string>53D9CD581722188D00EDFE11</string>
				<string>53ED93CE17222A9500208C44</string>
				<string>53ED93CF17222A9500208C44</string>
				<string>53ED93CB17222A9400208C44</string>
				<string>53ED93CC17222A9400208C44</string>
			</array>
			<key>isa</key>
			<string>PBXGroup</string>
			<key>name</key>
			<string>Models</string>
			<key>sourceTree</key>
			<string>&lt;group&gt;</string>
		</dict>
		<key>53D9CD581722188D00EDFE11</key>
		<dict>
			<key>children</key>
			<array>
				<string>53D9CD591722188D00EDFE11</string>
			</array>
			<key>currentVersion</key>
			<string>53D9CD591722188D00EDFE11</string>
			<key>isa</key>
			<string>XCVersionGroup</string>
			<key>path</key>
			<string>Model.xcdatamodeld</string>
			<key>sourceTree</key>
			<string>&lt;group&gt;</string>
			<key>versionGroupType</key>
			<string>wrapper.xcdatamodel</string>
		</dict>
		<key>53D9CD591722188D00EDFE11</key>
		<dict>
			<key>isa</key>
			<string>PBXFileReference</string>
			<key>lastKnownFileType</key>
			<string>wrapper.xcdatamodel</string>
			<key>path</key>
			<string>Model.xcdatamodel</string>
			<key>sourceTree</key>
			<string>&lt;group&gt;</string>
		</dict>
		<key>53D9CD5A1722188D00EDFE11</key>
		<dict>
			<key>fileRef</key>
			<string>53D9CD581722188D00EDFE11</string>
			<key>isa</key>
			<string>PBXBuildFile</string>
		</dict>
		<key>53ED93CB17222A9400208C44</key>
		<dict>
			<key>fileEncoding</key>
			<string>4</string>
			<key>isa</key>
			<string>PBXFileReference</string>
			<key>lastKnownFileType</key>
			<string>sourcecode.c.h</string>
			<key>path</key>
			<string>Deputado.h</string>
			<key>sourceTree</key>
			<string>&lt;group&gt;</string>
		</dict>
		<key>53ED93CC17222A9400208C44</key>
		<dict>
			<key>fileEncoding</key>
			<string>4</string>
			<key>isa</key>
			<string>PBXFileReference</string>
			<key>lastKnownFileType</key>
			<string>sourcecode.c.objc</string>
			<key>path</key>
			<string>Deputado.m</string>
			<key>sourceTree</key>
			<string>&lt;group&gt;</string>
		</dict>
		<key>53ED93CD17222A9400208C44</key>
		<dict>
			<key>fileRef</key>
			<string>53ED93CC17222A9400208C44</string>
			<key>isa</key>
			<string>PBXBuildFile</string>
		</dict>
		<key>53ED93CE17222A9500208C44</key>
		<dict>
			<key>fileEncoding</key>
			<string>4</string>
			<key>isa</key>
			<string>PBXFileReference</string>
			<key>lastKnownFileType</key>
			<string>sourcecode.c.h</string>
			<key>path</key>
			<string>Ranking.h</string>
			<key>sourceTree</key>
			<string>&lt;group&gt;</string>
		</dict>
		<key>53ED93CF17222A9500208C44</key>
		<dict>
			<key>fileEncoding</key>
			<string>4</string>
			<key>isa</key>
			<string>PBXFileReference</string>
			<key>lastKnownFileType</key>
			<string>sourcecode.c.objc</string>
			<key>path</key>
			<string>Ranking.m</string>
			<key>sourceTree</key>
			<string>&lt;group&gt;</string>
		</dict>
		<key>53ED93D017222A9500208C44</key>
		<dict>
			<key>fileRef</key>
			<string>53ED93CF17222A9500208C44</string>
			<key>isa</key>
			<string>PBXBuildFile</string>
		</dict>
		<key>53ED93D117222CE100208C44</key>
		<dict>
			<key>children</key>
			<array/>
			<key>isa</key>
			<string>PBXGroup</string>
			<key>path</key>
			<string>External</string>
			<key>sourceTree</key>
			<string>&lt;group&gt;</string>
		</dict>
		<key>53ED957617222F4500208C44</key>
		<dict>
			<key>isa</key>
			<string>PBXFileReference</string>
			<key>lastKnownFileType</key>
			<string>wrapper.framework</string>
			<key>name</key>
			<string>CoreData.framework</string>
			<key>path</key>
			<string>System/Library/Frameworks/CoreData.framework</string>
			<key>sourceTree</key>
			<string>SDKROOT</string>
		</dict>
		<key>53ED957717222F4500208C44</key>
		<dict>
			<key>fileRef</key>
			<string>53ED957617222F4500208C44</string>
			<key>isa</key>
			<string>PBXBuildFile</string>
		</dict>
		<key>53ED9578172236C600208C44</key>
		<dict>
			<key>fileEncoding</key>
			<string>4</string>
			<key>isa</key>
			<string>PBXFileReference</string>
			<key>lastKnownFileType</key>
			<string>sourcecode.c.h</string>
			<key>name</key>
			<string>RankingViewController.h</string>
			<key>path</key>
			<string>MeuDeputado/RankingViewController.h</string>
			<key>sourceTree</key>
			<string>&lt;group&gt;</string>
		</dict>
		<key>53ED9579172236C600208C44</key>
		<dict>
			<key>fileEncoding</key>
			<string>4</string>
			<key>isa</key>
			<string>PBXFileReference</string>
			<key>lastKnownFileType</key>
			<string>sourcecode.c.objc</string>
			<key>name</key>
			<string>RankingViewController.m</string>
			<key>path</key>
			<string>MeuDeputado/RankingViewController.m</string>
			<key>sourceTree</key>
			<string>&lt;group&gt;</string>
		</dict>
		<key>53ED957A172236C600208C44</key>
		<dict>
			<key>fileRef</key>
			<string>53ED9579172236C600208C44</string>
			<key>isa</key>
			<string>PBXBuildFile</string>
		</dict>
		<key>7798F6414E8745A08CFDAE55</key>
		<dict>
			<key>explicitFileType</key>
			<string>archive.ar</string>
			<key>includeInIndex</key>
			<string>0</string>
			<key>isa</key>
			<string>PBXFileReference</string>
			<key>name</key>
			<string>libPods.a</string>
			<key>path</key>
			<string>libPods.a</string>
			<key>sourceTree</key>
			<string>BUILT_PRODUCTS_DIR</string>
		</dict>
		<key>8A1CC144D55146CF999EDEB2</key>
		<dict>
			<key>fileRef</key>
			<string>7798F6414E8745A08CFDAE55</string>
			<key>isa</key>
			<string>PBXBuildFile</string>
			<key>settings</key>
			<dict/>
		</dict>
		<key>8F6709AD00484DD891C07DFB</key>
		<dict>
			<key>buildActionMask</key>
			<string>2147483647</string>
			<key>files</key>
			<array/>
			<key>inputPaths</key>
			<array/>
			<key>isa</key>
			<string>PBXShellScriptBuildPhase</string>
			<key>name</key>
			<string>Check Pods Manifest.lock</string>
			<key>outputPaths</key>
			<array/>
			<key>runOnlyForDeploymentPostprocessing</key>
			<string>0</string>
			<key>shellPath</key>
			<string>/bin/sh</string>
			<key>shellScript</key>
			<string>diff "${PODS_ROOT}/../Podfile.lock" "${PODS_ROOT}/Manifest.lock" &gt; /dev/null
if [[ $? != 0 ]] ; then
    cat &lt;&lt; EOM
error: The sanbox is not in sync with the Podfile.lock. Run 'pod install'.
EOM
    exit 1
fi
</string>
			<key>showEnvVarsInLog</key>
			<string>1</string>
		</dict>
		<key>94646C009CE24A859097948B</key>
		<dict>
			<key>buildActionMask</key>
			<string>2147483647</string>
			<key>files</key>
			<array/>
			<key>inputPaths</key>
			<array/>
			<key>isa</key>
			<string>PBXShellScriptBuildPhase</string>
			<key>name</key>
			<string>Copy Pods Resources</string>
			<key>outputPaths</key>
			<array/>
			<key>runOnlyForDeploymentPostprocessing</key>
			<string>0</string>
			<key>shellPath</key>
			<string>/bin/sh</string>
			<key>shellScript</key>
			<string>"${SRCROOT}/Pods/Pods-resources.sh"
</string>
			<key>showEnvVarsInLog</key>
			<string>1</string>
		</dict>
		<key>E1C20E009D544284A246C5AC</key>
		<dict>
			<key>includeInIndex</key>
			<string>1</string>
			<key>isa</key>
			<string>PBXFileReference</string>
			<key>lastKnownFileType</key>
			<string>text.xcconfig</string>
			<key>name</key>
			<string>Pods.xcconfig</string>
			<key>path</key>
			<string>Pods/Pods.xcconfig</string>
			<key>sourceTree</key>
			<string>SOURCE_ROOT</string>
		</dict>
		<key>E9D44A55172246E1006CEEAA</key>
		<dict>
			<key>children</key>
			<array>
				<string>E9D44A56172246FF006CEEAA</string>
				<string>E9D44A57172246FF006CEEAA</string>
				<string>E9D44A5917224DDB006CEEAA</string>
				<string>E9D44A5A17224DDB006CEEAA</string>
			</array>
			<key>isa</key>
			<string>PBXGroup</string>
			<key>path</key>
			<string>Helper</string>
			<key>sourceTree</key>
			<string>&lt;group&gt;</string>
		</dict>
		<key>E9D44A56172246FF006CEEAA</key>
		<dict>
			<key>fileEncoding</key>
			<string>4</string>
			<key>isa</key>
			<string>PBXFileReference</string>
			<key>lastKnownFileType</key>
			<string>sourcecode.c.h</string>
			<key>path</key>
			<string>DDServerConnector.h</string>
			<key>sourceTree</key>
			<string>&lt;group&gt;</string>
		</dict>
		<key>E9D44A57172246FF006CEEAA</key>
		<dict>
			<key>fileEncoding</key>
			<string>4</string>
			<key>isa</key>
			<string>PBXFileReference</string>
			<key>lastKnownFileType</key>
			<string>sourcecode.c.objc</string>
			<key>path</key>
			<string>DDServerConnector.m</string>
			<key>sourceTree</key>
			<string>&lt;group&gt;</string>
		</dict>
		<key>E9D44A58172246FF006CEEAA</key>
		<dict>
			<key>fileRef</key>
			<string>E9D44A57172246FF006CEEAA</string>
			<key>isa</key>
			<string>PBXBuildFile</string>
		</dict>
		<key>E9D44A5917224DDB006CEEAA</key>
		<dict>
			<key>fileEncoding</key>
			<string>4</string>
			<key>isa</key>
			<string>PBXFileReference</string>
			<key>lastKnownFileType</key>
			<string>sourcecode.c.h</string>
			<key>path</key>
			<string>DDDataManager.h</string>
			<key>sourceTree</key>
			<string>&lt;group&gt;</string>
		</dict>
		<key>E9D44A5A17224DDB006CEEAA</key>
		<dict>
			<key>fileEncoding</key>
			<string>4</string>
			<key>isa</key>
			<string>PBXFileReference</string>
			<key>lastKnownFileType</key>
			<string>sourcecode.c.objc</string>
			<key>path</key>
			<string>DDDataManager.m</string>
			<key>sourceTree</key>
			<string>&lt;group&gt;</string>
		</dict>
		<key>E9D44A5B17224DDB006CEEAA</key>
		<dict>
			<key>fileRef</key>
			<string>E9D44A5A17224DDB006CEEAA</string>
			<key>isa</key>
			<string>PBXBuildFile</string>
		</dict>
	</dict>
	<key>rootObject</key>
	<string>53D9CD06172215E300EDFE11</string>
</dict>
</plist>